// !$*UTF8*$!
{
	archiveVersion = 1;
	classes = {
	};
	objectVersion = 56;
	objects = {

/* Begin PBXBuildFile section */
		153306D62C8BF99200AF4C87 /* SongSyncApp.swift in Sources */ = {isa = PBXBuildFile; fileRef = 153306D52C8BF99200AF4C87 /* SongSyncApp.swift */; };
		153306DA2C8BF99300AF4C87 /* Assets.xcassets in Resources */ = {isa = PBXBuildFile; fileRef = 153306D92C8BF99300AF4C87 /* Assets.xcassets */; };
		153306DD2C8BF99300AF4C87 /* Preview Assets.xcassets in Resources */ = {isa = PBXBuildFile; fileRef = 153306DC2C8BF99300AF4C87 /* Preview Assets.xcassets */; };
		153306E72C8BF99300AF4C87 /* SongSyncTests.swift in Sources */ = {isa = PBXBuildFile; fileRef = 153306E62C8BF99300AF4C87 /* SongSyncTests.swift */; };
		153306F12C8BF99300AF4C87 /* SongSyncUITests.swift in Sources */ = {isa = PBXBuildFile; fileRef = 153306F02C8BF99300AF4C87 /* SongSyncUITests.swift */; };
		153306F32C8BF99300AF4C87 /* SongSyncUITestsLaunchTests.swift in Sources */ = {isa = PBXBuildFile; fileRef = 153306F22C8BF99300AF4C87 /* SongSyncUITestsLaunchTests.swift */; };
		153307052C8BF9D600AF4C87 /* AudioManager.swift in Sources */ = {isa = PBXBuildFile; fileRef = 153306FF2C8BF9D600AF4C87 /* AudioManager.swift */; };
		153307072C8BF9D600AF4C87 /* RecordView.swift in Sources */ = {isa = PBXBuildFile; fileRef = 153307022C8BF9D600AF4C87 /* RecordView.swift */; };
		153307082C8BF9D600AF4C87 /* SongLibraryView.swift in Sources */ = {isa = PBXBuildFile; fileRef = 153307032C8BF9D600AF4C87 /* SongLibraryView.swift */; };
		153307092C8BF9D600AF4C87 /* PersistenceController.swift in Sources */ = {isa = PBXBuildFile; fileRef = 153307042C8BF9D600AF4C87 /* PersistenceController.swift */; };
		1558EEF02C8C05DB0023D26C /* SongSyncModel.xcdatamodeld in Sources */ = {isa = PBXBuildFile; fileRef = 1558EEEE2C8C05DB0023D26C /* SongSyncModel.xcdatamodeld */; };
		1558EEF42C8C0D150023D26C /* PlaybackView.swift in Sources */ = {isa = PBXBuildFile; fileRef = 1558EEF32C8C0D150023D26C /* PlaybackView.swift */; };
/* End PBXBuildFile section */

/* Begin PBXContainerItemProxy section */
		153306E32C8BF99300AF4C87 /* PBXContainerItemProxy */ = {
			isa = PBXContainerItemProxy;
			containerPortal = 153306CA2C8BF99200AF4C87 /* Project object */;
			proxyType = 1;
			remoteGlobalIDString = 153306D12C8BF99200AF4C87;
			remoteInfo = SongSync;
		};
		153306ED2C8BF99300AF4C87 /* PBXContainerItemProxy */ = {
			isa = PBXContainerItemProxy;
			containerPortal = 153306CA2C8BF99200AF4C87 /* Project object */;
			proxyType = 1;
			remoteGlobalIDString = 153306D12C8BF99200AF4C87;
			remoteInfo = SongSync;
		};
/* End PBXContainerItemProxy section */

/* Begin PBXFileReference section */
		153306D22C8BF99200AF4C87 /* SongSync.app */ = {isa = PBXFileReference; explicitFileType = wrapper.application; includeInIndex = 0; path = SongSync.app; sourceTree = BUILT_PRODUCTS_DIR; };
		153306D52C8BF99200AF4C87 /* SongSyncApp.swift */ = {isa = PBXFileReference; lastKnownFileType = sourcecode.swift; path = SongSyncApp.swift; sourceTree = "<group>"; };
		153306D92C8BF99300AF4C87 /* Assets.xcassets */ = {isa = PBXFileReference; lastKnownFileType = folder.assetcatalog; path = Assets.xcassets; sourceTree = "<group>"; };
		153306DC2C8BF99300AF4C87 /* Preview Assets.xcassets */ = {isa = PBXFileReference; lastKnownFileType = folder.assetcatalog; path = "Preview Assets.xcassets"; sourceTree = "<group>"; };
		153306E22C8BF99300AF4C87 /* SongSyncTests.xctest */ = {isa = PBXFileReference; explicitFileType = wrapper.cfbundle; includeInIndex = 0; path = SongSyncTests.xctest; sourceTree = BUILT_PRODUCTS_DIR; };
		153306E62C8BF99300AF4C87 /* SongSyncTests.swift */ = {isa = PBXFileReference; lastKnownFileType = sourcecode.swift; path = SongSyncTests.swift; sourceTree = "<group>"; };
		153306EC2C8BF99300AF4C87 /* SongSyncUITests.xctest */ = {isa = PBXFileReference; explicitFileType = wrapper.cfbundle; includeInIndex = 0; path = SongSyncUITests.xctest; sourceTree = BUILT_PRODUCTS_DIR; };
		153306F02C8BF99300AF4C87 /* SongSyncUITests.swift */ = {isa = PBXFileReference; lastKnownFileType = sourcecode.swift; path = SongSyncUITests.swift; sourceTree = "<group>"; };
		153306F22C8BF99300AF4C87 /* SongSyncUITestsLaunchTests.swift */ = {isa = PBXFileReference; lastKnownFileType = sourcecode.swift; path = SongSyncUITestsLaunchTests.swift; sourceTree = "<group>"; };
		153306FF2C8BF9D600AF4C87 /* AudioManager.swift */ = {isa = PBXFileReference; fileEncoding = 4; lastKnownFileType = sourcecode.swift; name = AudioManager.swift; path = ../../../Downloads/SongSync/SongSync/AudioManager.swift; sourceTree = "<group>"; };
		153307022C8BF9D600AF4C87 /* RecordView.swift */ = {isa = PBXFileReference; fileEncoding = 4; lastKnownFileType = sourcecode.swift; name = RecordView.swift; path = ../../../Downloads/SongSync/SongSync/RecordView.swift; sourceTree = "<group>"; };
		153307032C8BF9D600AF4C87 /* SongLibraryView.swift */ = {isa = PBXFileReference; fileEncoding = 4; lastKnownFileType = sourcecode.swift; name = SongLibraryView.swift; path = ../../../Downloads/SongSync/SongSync/SongLibraryView.swift; sourceTree = "<group>"; };
		153307042C8BF9D600AF4C87 /* PersistenceController.swift */ = {isa = PBXFileReference; fileEncoding = 4; lastKnownFileType = sourcecode.swift; name = PersistenceController.swift; path = ../../../Downloads/SongSync/SongSync/PersistenceController.swift; sourceTree = "<group>"; };
		1558EEEF2C8C05DB0023D26C /* SongSyncModel.xcdatamodel */ = {isa = PBXFileReference; lastKnownFileType = wrapper.xcdatamodel; path = SongSyncModel.xcdatamodel; sourceTree = "<group>"; };
		1558EEF32C8C0D150023D26C /* PlaybackView.swift */ = {isa = PBXFileReference; lastKnownFileType = sourcecode.swift; path = PlaybackView.swift; sourceTree = "<group>"; };
/* End PBXFileReference section */

/* Begin PBXFrameworksBuildPhase section */
		153306CF2C8BF99200AF4C87 /* Frameworks */ = {
			isa = PBXFrameworksBuildPhase;
			buildActionMask = 2147483647;
			files = (
			);
			runOnlyForDeploymentPostprocessing = 0;
		};
		153306DF2C8BF99300AF4C87 /* Frameworks */ = {
			isa = PBXFrameworksBuildPhase;
			buildActionMask = 2147483647;
			files = (
			);
			runOnlyForDeploymentPostprocessing = 0;
		};
		153306E92C8BF99300AF4C87 /* Frameworks */ = {
			isa = PBXFrameworksBuildPhase;
			buildActionMask = 2147483647;
			files = (
			);
			runOnlyForDeploymentPostprocessing = 0;
		};
/* End PBXFrameworksBuildPhase section */

/* Begin PBXGroup section */
		153306C92C8BF99200AF4C87 = {
			isa = PBXGroup;
			children = (
				153306D42C8BF99200AF4C87 /* SongSync */,
				153306E52C8BF99300AF4C87 /* SongSyncTests */,
				153306EF2C8BF99300AF4C87 /* SongSyncUITests */,
				153306D32C8BF99200AF4C87 /* Products */,
			);
			sourceTree = "<group>";
		};
		153306D32C8BF99200AF4C87 /* Products */ = {
			isa = PBXGroup;
			children = (
				153306D22C8BF99200AF4C87 /* SongSync.app */,
				153306E22C8BF99300AF4C87 /* SongSyncTests.xctest */,
				153306EC2C8BF99300AF4C87 /* SongSyncUITests.xctest */,
			);
			name = Products;
			sourceTree = "<group>";
		};
		153306D42C8BF99200AF4C87 /* SongSync */ = {
			isa = PBXGroup;
			children = (
				153306FF2C8BF9D600AF4C87 /* AudioManager.swift */,
				153307042C8BF9D600AF4C87 /* PersistenceController.swift */,
				153307022C8BF9D600AF4C87 /* RecordView.swift */,
				153307032C8BF9D600AF4C87 /* SongLibraryView.swift */,
				1558EEF32C8C0D150023D26C /* PlaybackView.swift */,
				153306D52C8BF99200AF4C87 /* SongSyncApp.swift */,
				153306D92C8BF99300AF4C87 /* Assets.xcassets */,
				153306DB2C8BF99300AF4C87 /* Preview Content */,
				1558EEEE2C8C05DB0023D26C /* SongSyncModel.xcdatamodeld */,
			);
			path = SongSync;
			sourceTree = "<group>";
		};
		153306DB2C8BF99300AF4C87 /* Preview Content */ = {
			isa = PBXGroup;
			children = (
				153306DC2C8BF99300AF4C87 /* Preview Assets.xcassets */,
			);
			path = "Preview Content";
			sourceTree = "<group>";
		};
		153306E52C8BF99300AF4C87 /* SongSyncTests */ = {
			isa = PBXGroup;
			children = (
				153306E62C8BF99300AF4C87 /* SongSyncTests.swift */,
			);
			path = SongSyncTests;
			sourceTree = "<group>";
		};
		153306EF2C8BF99300AF4C87 /* SongSyncUITests */ = {
			isa = PBXGroup;
			children = (
				153306F02C8BF99300AF4C87 /* SongSyncUITests.swift */,
				153306F22C8BF99300AF4C87 /* SongSyncUITestsLaunchTests.swift */,
			);
			path = SongSyncUITests;
			sourceTree = "<group>";
		};
/* End PBXGroup section */

/* Begin PBXNativeTarget section */
		153306D12C8BF99200AF4C87 /* SongSync */ = {
			isa = PBXNativeTarget;
			buildConfigurationList = 153306F62C8BF99300AF4C87 /* Build configuration list for PBXNativeTarget "SongSync" */;
			buildPhases = (
				153306CE2C8BF99200AF4C87 /* Sources */,
				153306CF2C8BF99200AF4C87 /* Frameworks */,
				153306D02C8BF99200AF4C87 /* Resources */,
			);
			buildRules = (
			);
			dependencies = (
			);
			name = SongSync;
			productName = SongSync;
			productReference = 153306D22C8BF99200AF4C87 /* SongSync.app */;
			productType = "com.apple.product-type.application";
		};
		153306E12C8BF99300AF4C87 /* SongSyncTests */ = {
			isa = PBXNativeTarget;
			buildConfigurationList = 153306F92C8BF99300AF4C87 /* Build configuration list for PBXNativeTarget "SongSyncTests" */;
			buildPhases = (
				153306DE2C8BF99300AF4C87 /* Sources */,
				153306DF2C8BF99300AF4C87 /* Frameworks */,
				153306E02C8BF99300AF4C87 /* Resources */,
			);
			buildRules = (
			);
			dependencies = (
				153306E42C8BF99300AF4C87 /* PBXTargetDependency */,
			);
			name = SongSyncTests;
			productName = SongSyncTests;
			productReference = 153306E22C8BF99300AF4C87 /* SongSyncTests.xctest */;
			productType = "com.apple.product-type.bundle.unit-test";
		};
		153306EB2C8BF99300AF4C87 /* SongSyncUITests */ = {
			isa = PBXNativeTarget;
			buildConfigurationList = 153306FC2C8BF99300AF4C87 /* Build configuration list for PBXNativeTarget "SongSyncUITests" */;
			buildPhases = (
				153306E82C8BF99300AF4C87 /* Sources */,
				153306E92C8BF99300AF4C87 /* Frameworks */,
				153306EA2C8BF99300AF4C87 /* Resources */,
			);
			buildRules = (
			);
			dependencies = (
				153306EE2C8BF99300AF4C87 /* PBXTargetDependency */,
			);
			name = SongSyncUITests;
			productName = SongSyncUITests;
			productReference = 153306EC2C8BF99300AF4C87 /* SongSyncUITests.xctest */;
			productType = "com.apple.product-type.bundle.ui-testing";
		};
/* End PBXNativeTarget section */

/* Begin PBXProject section */
		153306CA2C8BF99200AF4C87 /* Project object */ = {
			isa = PBXProject;
			attributes = {
				BuildIndependentTargetsInParallel = 1;
				LastSwiftUpdateCheck = 1540;
				LastUpgradeCheck = 1540;
				TargetAttributes = {
					153306D12C8BF99200AF4C87 = {
						CreatedOnToolsVersion = 15.4;
					};
					153306E12C8BF99300AF4C87 = {
						CreatedOnToolsVersion = 15.4;
						TestTargetID = 153306D12C8BF99200AF4C87;
					};
					153306EB2C8BF99300AF4C87 = {
						CreatedOnToolsVersion = 15.4;
						TestTargetID = 153306D12C8BF99200AF4C87;
					};
				};
			};
			buildConfigurationList = 153306CD2C8BF99200AF4C87 /* Build configuration list for PBXProject "SongSync" */;
			compatibilityVersion = "Xcode 14.0";
			developmentRegion = en;
			hasScannedForEncodings = 0;
			knownRegions = (
				en,
				Base,
			);
			mainGroup = 153306C92C8BF99200AF4C87;
			productRefGroup = 153306D32C8BF99200AF4C87 /* Products */;
			projectDirPath = "";
			projectRoot = "";
			targets = (
				153306D12C8BF99200AF4C87 /* SongSync */,
				153306E12C8BF99300AF4C87 /* SongSyncTests */,
				153306EB2C8BF99300AF4C87 /* SongSyncUITests */,
			);
		};
/* End PBXProject section */

/* Begin PBXResourcesBuildPhase section */
		153306D02C8BF99200AF4C87 /* Resources */ = {
			isa = PBXResourcesBuildPhase;
			buildActionMask = 2147483647;
			files = (
				153306DD2C8BF99300AF4C87 /* Preview Assets.xcassets in Resources */,
				153306DA2C8BF99300AF4C87 /* Assets.xcassets in Resources */,
			);
			runOnlyForDeploymentPostprocessing = 0;
		};
		153306E02C8BF99300AF4C87 /* Resources */ = {
			isa = PBXResourcesBuildPhase;
			buildActionMask = 2147483647;
			files = (
			);
			runOnlyForDeploymentPostprocessing = 0;
		};
		153306EA2C8BF99300AF4C87 /* Resources */ = {
			isa = PBXResourcesBuildPhase;
			buildActionMask = 2147483647;
			files = (
			);
			runOnlyForDeploymentPostprocessing = 0;
		};
/* End PBXResourcesBuildPhase section */

/* Begin PBXSourcesBuildPhase section */
		153306CE2C8BF99200AF4C87 /* Sources */ = {
			isa = PBXSourcesBuildPhase;
			buildActionMask = 2147483647;
			files = (
				1558EEF42C8C0D150023D26C /* PlaybackView.swift in Sources */,
				153307052C8BF9D600AF4C87 /* AudioManager.swift in Sources */,
				153307092C8BF9D600AF4C87 /* PersistenceController.swift in Sources */,
				153306D62C8BF99200AF4C87 /* SongSyncApp.swift in Sources */,
				153307082C8BF9D600AF4C87 /* SongLibraryView.swift in Sources */,
				153307072C8BF9D600AF4C87 /* RecordView.swift in Sources */,
				1558EEF02C8C05DB0023D26C /* SongSyncModel.xcdatamodeld in Sources */,
			);
			runOnlyForDeploymentPostprocessing = 0;
		};
		153306DE2C8BF99300AF4C87 /* Sources */ = {
			isa = PBXSourcesBuildPhase;
			buildActionMask = 2147483647;
			files = (
				153306E72C8BF99300AF4C87 /* SongSyncTests.swift in Sources */,
			);
			runOnlyForDeploymentPostprocessing = 0;
		};
		153306E82C8BF99300AF4C87 /* Sources */ = {
			isa = PBXSourcesBuildPhase;
			buildActionMask = 2147483647;
			files = (
				153306F32C8BF99300AF4C87 /* SongSyncUITestsLaunchTests.swift in Sources */,
				153306F12C8BF99300AF4C87 /* SongSyncUITests.swift in Sources */,
			);
			runOnlyForDeploymentPostprocessing = 0;
		};
/* End PBXSourcesBuildPhase section */

/* Begin PBXTargetDependency section */
		153306E42C8BF99300AF4C87 /* PBXTargetDependency */ = {
			isa = PBXTargetDependency;
			target = 153306D12C8BF99200AF4C87 /* SongSync */;
			targetProxy = 153306E32C8BF99300AF4C87 /* PBXContainerItemProxy */;
		};
		153306EE2C8BF99300AF4C87 /* PBXTargetDependency */ = {
			isa = PBXTargetDependency;
			target = 153306D12C8BF99200AF4C87 /* SongSync */;
			targetProxy = 153306ED2C8BF99300AF4C87 /* PBXContainerItemProxy */;
		};
/* End PBXTargetDependency section */

/* Begin XCBuildConfiguration section */
		153306F42C8BF99300AF4C87 /* Debug */ = {
			isa = XCBuildConfiguration;
			buildSettings = {
				ALWAYS_SEARCH_USER_PATHS = NO;
				ASSETCATALOG_COMPILER_GENERATE_SWIFT_ASSET_SYMBOL_EXTENSIONS = YES;
				CLANG_ANALYZER_NONNULL = YES;
				CLANG_ANALYZER_NUMBER_OBJECT_CONVERSION = YES_AGGRESSIVE;
				CLANG_CXX_LANGUAGE_STANDARD = "gnu++20";
				CLANG_ENABLE_MODULES = YES;
				CLANG_ENABLE_OBJC_ARC = YES;
				CLANG_ENABLE_OBJC_WEAK = YES;
				CLANG_WARN_BLOCK_CAPTURE_AUTORELEASING = YES;
				CLANG_WARN_BOOL_CONVERSION = YES;
				CLANG_WARN_COMMA = YES;
				CLANG_WARN_CONSTANT_CONVERSION = YES;
				CLANG_WARN_DEPRECATED_OBJC_IMPLEMENTATIONS = YES;
				CLANG_WARN_DIRECT_OBJC_ISA_USAGE = YES_ERROR;
				CLANG_WARN_DOCUMENTATION_COMMENTS = YES;
				CLANG_WARN_EMPTY_BODY = YES;
				CLANG_WARN_ENUM_CONVERSION = YES;
				CLANG_WARN_INFINITE_RECURSION = YES;
				CLANG_WARN_INT_CONVERSION = YES;
				CLANG_WARN_NON_LITERAL_NULL_CONVERSION = YES;
				CLANG_WARN_OBJC_IMPLICIT_RETAIN_SELF = YES;
				CLANG_WARN_OBJC_LITERAL_CONVERSION = YES;
				CLANG_WARN_OBJC_ROOT_CLASS = YES_ERROR;
				CLANG_WARN_QUOTED_INCLUDE_IN_FRAMEWORK_HEADER = YES;
				CLANG_WARN_RANGE_LOOP_ANALYSIS = YES;
				CLANG_WARN_STRICT_PROTOTYPES = YES;
				CLANG_WARN_SUSPICIOUS_MOVE = YES;
				CLANG_WARN_UNGUARDED_AVAILABILITY = YES_AGGRESSIVE;
				CLANG_WARN_UNREACHABLE_CODE = YES;
				CLANG_WARN__DUPLICATE_METHOD_MATCH = YES;
				COPY_PHASE_STRIP = NO;
				DEBUG_INFORMATION_FORMAT = dwarf;
				ENABLE_STRICT_OBJC_MSGSEND = YES;
				ENABLE_TESTABILITY = YES;
				ENABLE_USER_SCRIPT_SANDBOXING = YES;
				GCC_C_LANGUAGE_STANDARD = gnu17;
				GCC_DYNAMIC_NO_PIC = NO;
				GCC_NO_COMMON_BLOCKS = YES;
				GCC_OPTIMIZATION_LEVEL = 0;
				GCC_PREPROCESSOR_DEFINITIONS = (
					"DEBUG=1",
					"$(inherited)",
				);
				GCC_WARN_64_TO_32_BIT_CONVERSION = YES;
				GCC_WARN_ABOUT_RETURN_TYPE = YES_ERROR;
				GCC_WARN_UNDECLARED_SELECTOR = YES;
				GCC_WARN_UNINITIALIZED_AUTOS = YES_AGGRESSIVE;
				GCC_WARN_UNUSED_FUNCTION = YES;
				GCC_WARN_UNUSED_VARIABLE = YES;
				IPHONEOS_DEPLOYMENT_TARGET = 17.5;
				LOCALIZATION_PREFERS_STRING_CATALOGS = YES;
				MTL_ENABLE_DEBUG_INFO = INCLUDE_SOURCE;
				MTL_FAST_MATH = YES;
				ONLY_ACTIVE_ARCH = YES;
				SDKROOT = iphoneos;
				SWIFT_ACTIVE_COMPILATION_CONDITIONS = "DEBUG $(inherited)";
				SWIFT_OPTIMIZATION_LEVEL = "-Onone";
			};
			name = Debug;
		};
		153306F52C8BF99300AF4C87 /* Release */ = {
			isa = XCBuildConfiguration;
			buildSettings = {
				ALWAYS_SEARCH_USER_PATHS = NO;
				ASSETCATALOG_COMPILER_GENERATE_SWIFT_ASSET_SYMBOL_EXTENSIONS = YES;
				CLANG_ANALYZER_NONNULL = YES;
				CLANG_ANALYZER_NUMBER_OBJECT_CONVERSION = YES_AGGRESSIVE;
				CLANG_CXX_LANGUAGE_STANDARD = "gnu++20";
				CLANG_ENABLE_MODULES = YES;
				CLANG_ENABLE_OBJC_ARC = YES;
				CLANG_ENABLE_OBJC_WEAK = YES;
				CLANG_WARN_BLOCK_CAPTURE_AUTORELEASING = YES;
				CLANG_WARN_BOOL_CONVERSION = YES;
				CLANG_WARN_COMMA = YES;
				CLANG_WARN_CONSTANT_CONVERSION = YES;
				CLANG_WARN_DEPRECATED_OBJC_IMPLEMENTATIONS = YES;
				CLANG_WARN_DIRECT_OBJC_ISA_USAGE = YES_ERROR;
				CLANG_WARN_DOCUMENTATION_COMMENTS = YES;
				CLANG_WARN_EMPTY_BODY = YES;
				CLANG_WARN_ENUM_CONVERSION = YES;
				CLANG_WARN_INFINITE_RECURSION = YES;
				CLANG_WARN_INT_CONVERSION = YES;
				CLANG_WARN_NON_LITERAL_NULL_CONVERSION = YES;
				CLANG_WARN_OBJC_IMPLICIT_RETAIN_SELF = YES;
				CLANG_WARN_OBJC_LITERAL_CONVERSION = YES;
				CLANG_WARN_OBJC_ROOT_CLASS = YES_ERROR;
				CLANG_WARN_QUOTED_INCLUDE_IN_FRAMEWORK_HEADER = YES;
				CLANG_WARN_RANGE_LOOP_ANALYSIS = YES;
				CLANG_WARN_STRICT_PROTOTYPES = YES;
				CLANG_WARN_SUSPICIOUS_MOVE = YES;
				CLANG_WARN_UNGUARDED_AVAILABILITY = YES_AGGRESSIVE;
				CLANG_WARN_UNREACHABLE_CODE = YES;
				CLANG_WARN__DUPLICATE_METHOD_MATCH = YES;
				COPY_PHASE_STRIP = NO;
				DEBUG_INFORMATION_FORMAT = "dwarf-with-dsym";
				ENABLE_NS_ASSERTIONS = NO;
				ENABLE_STRICT_OBJC_MSGSEND = YES;
				ENABLE_USER_SCRIPT_SANDBOXING = YES;
				GCC_C_LANGUAGE_STANDARD = gnu17;
				GCC_NO_COMMON_BLOCKS = YES;
				GCC_WARN_64_TO_32_BIT_CONVERSION = YES;
				GCC_WARN_ABOUT_RETURN_TYPE = YES_ERROR;
				GCC_WARN_UNDECLARED_SELECTOR = YES;
				GCC_WARN_UNINITIALIZED_AUTOS = YES_AGGRESSIVE;
				GCC_WARN_UNUSED_FUNCTION = YES;
				GCC_WARN_UNUSED_VARIABLE = YES;
				IPHONEOS_DEPLOYMENT_TARGET = 17.5;
				LOCALIZATION_PREFERS_STRING_CATALOGS = YES;
				MTL_ENABLE_DEBUG_INFO = NO;
				MTL_FAST_MATH = YES;
				SDKROOT = iphoneos;
				SWIFT_COMPILATION_MODE = wholemodule;
				VALIDATE_PRODUCT = YES;
			};
			name = Release;
		};
		153306F72C8BF99300AF4C87 /* Debug */ = {
			isa = XCBuildConfiguration;
			buildSettings = {
				ASSETCATALOG_COMPILER_APPICON_NAME = AppIcon;
				ASSETCATALOG_COMPILER_GLOBAL_ACCENT_COLOR_NAME = AccentColor;
				CODE_SIGN_STYLE = Automatic;
				CURRENT_PROJECT_VERSION = 1;
				DEVELOPMENT_ASSET_PATHS = "\"SongSync/Preview Content\"";
				ENABLE_PREVIEWS = YES;
				GENERATE_INFOPLIST_FILE = YES;
				INFOPLIST_KEY_UIApplicationSceneManifest_Generation = YES;
				INFOPLIST_KEY_UIApplicationSupportsIndirectInputEvents = YES;
				INFOPLIST_KEY_UILaunchScreen_Generation = YES;
				INFOPLIST_KEY_UISupportedInterfaceOrientations_iPad = "UIInterfaceOrientationPortrait UIInterfaceOrientationPortraitUpsideDown UIInterfaceOrientationLandscapeLeft UIInterfaceOrientationLandscapeRight";
				INFOPLIST_KEY_UISupportedInterfaceOrientations_iPhone = "UIInterfaceOrientationPortrait UIInterfaceOrientationLandscapeLeft UIInterfaceOrientationLandscapeRight";
				LD_RUNPATH_SEARCH_PATHS = (
					"$(inherited)",
					"@executable_path/Frameworks",
				);
				MARKETING_VERSION = 1.0;
				PRODUCT_BUNDLE_IDENTIFIER = ar.SongSync;
				PRODUCT_NAME = "$(TARGET_NAME)";
				SWIFT_EMIT_LOC_STRINGS = YES;
				SWIFT_VERSION = 5.0;
				TARGETED_DEVICE_FAMILY = "1,2";
			};
			name = Debug;
		};
		153306F82C8BF99300AF4C87 /* Release */ = {
			isa = XCBuildConfiguration;
			buildSettings = {
				ASSETCATALOG_COMPILER_APPICON_NAME = AppIcon;
				ASSETCATALOG_COMPILER_GLOBAL_ACCENT_COLOR_NAME = AccentColor;
				CODE_SIGN_STYLE = Automatic;
				CURRENT_PROJECT_VERSION = 1;
				DEVELOPMENT_ASSET_PATHS = "\"SongSync/Preview Content\"";
				ENABLE_PREVIEWS = YES;
				GENERATE_INFOPLIST_FILE = YES;
				INFOPLIST_KEY_UIApplicationSceneManifest_Generation = YES;
				INFOPLIST_KEY_UIApplicationSupportsIndirectInputEvents = YES;
				INFOPLIST_KEY_UILaunchScreen_Generation = YES;
				INFOPLIST_KEY_UISupportedInterfaceOrientations_iPad = "UIInterfaceOrientationPortrait UIInterfaceOrientationPortraitUpsideDown UIInterfaceOrientationLandscapeLeft UIInterfaceOrientationLandscapeRight";
				INFOPLIST_KEY_UISupportedInterfaceOrientations_iPhone = "UIInterfaceOrientationPortrait UIInterfaceOrientationLandscapeLeft UIInterfaceOrientationLandscapeRight";
				LD_RUNPATH_SEARCH_PATHS = (
					"$(inherited)",
					"@executable_path/Frameworks",
				);
				MARKETING_VERSION = 1.0;
				PRODUCT_BUNDLE_IDENTIFIER = ar.SongSync;
				PRODUCT_NAME = "$(TARGET_NAME)";
				SWIFT_EMIT_LOC_STRINGS = YES;
				SWIFT_VERSION = 5.0;
				TARGETED_DEVICE_FAMILY = "1,2";
			};
			name = Release;
		};
		153306FA2C8BF99300AF4C87 /* Debug */ = {
			isa = XCBuildConfiguration;
			buildSettings = {
				ALWAYS_EMBED_SWIFT_STANDARD_LIBRARIES = YES;
				BUNDLE_LOADER = "$(TEST_HOST)";
				CODE_SIGN_STYLE = Automatic;
				CURRENT_PROJECT_VERSION = 1;
				GENERATE_INFOPLIST_FILE = YES;
				IPHONEOS_DEPLOYMENT_TARGET = 17.5;
				MARKETING_VERSION = 1.0;
				PRODUCT_BUNDLE_IDENTIFIER = ar.SongSyncTests;
				PRODUCT_NAME = "$(TARGET_NAME)";
				SWIFT_EMIT_LOC_STRINGS = NO;
				SWIFT_VERSION = 5.0;
				TARGETED_DEVICE_FAMILY = "1,2";
				TEST_HOST = "$(BUILT_PRODUCTS_DIR)/SongSync.app/$(BUNDLE_EXECUTABLE_FOLDER_PATH)/SongSync";
			};
			name = Debug;
		};
		153306FB2C8BF99300AF4C87 /* Release */ = {
			isa = XCBuildConfiguration;
			buildSettings = {
				ALWAYS_EMBED_SWIFT_STANDARD_LIBRARIES = YES;
				BUNDLE_LOADER = "$(TEST_HOST)";
				CODE_SIGN_STYLE = Automatic;
				CURRENT_PROJECT_VERSION = 1;
				GENERATE_INFOPLIST_FILE = YES;
				IPHONEOS_DEPLOYMENT_TARGET = 17.5;
				MARKETING_VERSION = 1.0;
				PRODUCT_BUNDLE_IDENTIFIER = ar.SongSyncTests;
				PRODUCT_NAME = "$(TARGET_NAME)";
				SWIFT_EMIT_LOC_STRINGS = NO;
				SWIFT_VERSION = 5.0;
				TARGETED_DEVICE_FAMILY = "1,2";
				TEST_HOST = "$(BUILT_PRODUCTS_DIR)/SongSync.app/$(BUNDLE_EXECUTABLE_FOLDER_PATH)/SongSync";
			};
			name = Release;
		};
		153306FD2C8BF99300AF4C87 /* Debug */ = {
			isa = XCBuildConfiguration;
			buildSettings = {
				ALWAYS_EMBED_SWIFT_STANDARD_LIBRARIES = YES;
				CODE_SIGN_STYLE = Automatic;
				CURRENT_PROJECT_VERSION = 1;
				GENERATE_INFOPLIST_FILE = YES;
				MARKETING_VERSION = 1.0;
				PRODUCT_BUNDLE_IDENTIFIER = ar.SongSyncUITests;
				PRODUCT_NAME = "$(TARGET_NAME)";
				SWIFT_EMIT_LOC_STRINGS = NO;
				SWIFT_VERSION = 5.0;
				TARGETED_DEVICE_FAMILY = "1,2";
				TEST_TARGET_NAME = SongSync;
			};
			name = Debug;
		};
		153306FE2C8BF99300AF4C87 /* Release */ = {
			isa = XCBuildConfiguration;
			buildSettings = {
				ALWAYS_EMBED_SWIFT_STANDARD_LIBRARIES = YES;
				CODE_SIGN_STYLE = Automatic;
				CURRENT_PROJECT_VERSION = 1;
				GENERATE_INFOPLIST_FILE = YES;
				MARKETING_VERSION = 1.0;
				PRODUCT_BUNDLE_IDENTIFIER = ar.SongSyncUITests;
				PRODUCT_NAME = "$(TARGET_NAME)";
				SWIFT_EMIT_LOC_STRINGS = NO;
				SWIFT_VERSION = 5.0;
				TARGETED_DEVICE_FAMILY = "1,2";
				TEST_TARGET_NAME = SongSync;
			};
			name = Release;
		};
/* End XCBuildConfiguration section */

/* Begin XCConfigurationList section */
		153306CD2C8BF99200AF4C87 /* Build configuration list for PBXProject "SongSync" */ = {
			isa = XCConfigurationList;
			buildConfigurations = (
				153306F42C8BF99300AF4C87 /* Debug */,
				153306F52C8BF99300AF4C87 /* Release */,
			);
			defaultConfigurationIsVisible = 0;
			defaultConfigurationName = Release;
		};
		153306F62C8BF99300AF4C87 /* Build configuration list for PBXNativeTarget "SongSync" */ = {
			isa = XCConfigurationList;
			buildConfigurations = (
				153306F72C8BF99300AF4C87 /* Debug */,
				153306F82C8BF99300AF4C87 /* Release */,
			);
			defaultConfigurationIsVisible = 0;
			defaultConfigurationName = Release;
		};
		153306F92C8BF99300AF4C87 /* Build configuration list for PBXNativeTarget "SongSyncTests" */ = {
			isa = XCConfigurationList;
			buildConfigurations = (
				153306FA2C8BF99300AF4C87 /* Debug */,
				153306FB2C8BF99300AF4C87 /* Release */,
			);
			defaultConfigurationIsVisible = 0;
			defaultConfigurationName = Release;
		};
		153306FC2C8BF99300AF4C87 /* Build configuration list for PBXNativeTarget "SongSyncUITests" */ = {
			isa = XCConfigurationList;
			buildConfigurations = (
				153306FD2C8BF99300AF4C87 /* Debug */,
				153306FE2C8BF99300AF4C87 /* Release */,
			);
			defaultConfigurationIsVisible = 0;
			defaultConfigurationName = Release;
		};
/* End XCConfigurationList section */

/* Begin XCVersionGroup section */
		1558EEEE2C8C05DB0023D26C /* SongSyncModel.xcdatamodeld */ = {
			isa = XCVersionGroup;
			children = (
				1558EEEF2C8C05DB0023D26C /* SongSyncModel.xcdatamodel */,
			);
			currentVersion = 1558EEEF2C8C05DB0023D26C /* SongSyncModel.xcdatamodel */;
			name = SongSyncModel.xcdatamodeld;
			path = /Users/rusbeh/Projects/SongSync/SongSync/SongSyncModel.xcdatamodeld;
			sourceTree = "<group>";
			versionGroupType = wrapper.xcdatamodel;
		};
/* End XCVersionGroup section */
	};
	rootObject = 153306CA2C8BF99200AF4C87 /* Project object */;
}
